
Microsoft Visual Studio Solution File, Format Version 12.00
# Visual Studio Version 17
VisualStudioVersion = 17.10.35013.160
MinimumVisualStudioVersion = 10.0.40219.1
Project("{9A19103F-16F7-4668-BE54-9A1E7A4F7556}") = "CalamityVanilla", "CalamityVanilla.csproj", "{EB9B6B5C-D573-40B2-854D-EBFBFCB72C86}"
EndProject
Global
	GlobalSection(SolutionConfigurationPlatforms) = preSolution
		Debug|Any CPU = Debug|Any CPU
		Release|Any CPU = Release|Any CPU
	EndGlobalSection
	GlobalSection(ProjectConfigurationPlatforms) = postSolution
		{EB9B6B5C-D573-40B2-854D-EBFBFCB72C86}.Debug|Any CPU.ActiveCfg = Debug|Any CPU
		{EB9B6B5C-D573-40B2-854D-EBFBFCB72C86}.Debug|Any CPU.Build.0 = Debug|Any CPU
		{EB9B6B5C-D573-40B2-854D-EBFBFCB72C86}.Release|Any CPU.ActiveCfg = Release|Any CPU
		{EB9B6B5C-D573-40B2-854D-EBFBFCB72C86}.Release|Any CPU.Build.0 = Release|Any CPU
	EndGlobalSection
	GlobalSection(SolutionProperties) = preSolution
		HideSolutionNode = FALSE
	EndGlobalSection
	GlobalSection(ExtensibilityGlobals) = postSolution
		SolutionGuid = {25C7D0F9-73A6-4AC1-9368-C2DB93F2B0BD}
	EndGlobalSection
EndGlobal
